
Microsoft Visual Studio Solution File, Format Version 12.00
# Visual Studio 2015
Project("{FAE04EC0-301F-11D3-BF4B-00C04F79EFBC}") = "PROJECT.CSharp", "PROJECT.CSharp.csproj", "{974F822C-7989-ACA3-4BCC-2593A145BC9C}"
EndProject
Project("{FAE04EC0-301F-11D3-BF4B-00C04F79EFBC}") = "PROJECT.CSharp.Editor", "PROJECT.CSharp.Editor.csproj", "{369E8C51-6BA0-426C-AAB5-F82941AF1435}"
EndProject
Global
	GlobalSection(SolutionConfigurationPlatforms) = preSolution
		Debug|Any CPU = Debug|Any CPU
		Release|Any CPU = Release|Any CPU
	EndGlobalSection
	GlobalSection(ProjectConfigurationPlatforms) = postSolution
		{974F822C-7989-ACA3-4BCC-2593A145BC9C}.Debug|Any CPU.ActiveCfg = Debug|Any CPU
		{974F822C-7989-ACA3-4BCC-2593A145BC9C}.Debug|Any CPU.Build.0 = Debug|Any CPU
		{974F822C-7989-ACA3-4BCC-2593A145BC9C}.Release|Any CPU.ActiveCfg = Release|Any CPU
		{974F822C-7989-ACA3-4BCC-2593A145BC9C}.Release|Any CPU.Build.0 = Release|Any CPU
		{369E8C51-6BA0-426C-AAB5-F82941AF1435}.Debug|Any CPU.ActiveCfg = Debug|Any CPU
		{369E8C51-6BA0-426C-AAB5-F82941AF1435}.Debug|Any CPU.Build.0 = Debug|Any CPU
		{369E8C51-6BA0-426C-AAB5-F82941AF1435}.Release|Any CPU.ActiveCfg = Release|Any CPU
		{369E8C51-6BA0-426C-AAB5-F82941AF1435}.Release|Any CPU.Build.0 = Release|Any CPU
	EndGlobalSection
	GlobalSection(SolutionProperties) = preSolution
		HideSolutionNode = FALSE
	EndGlobalSection
EndGlobal
