Microsoft Visual Studio Solution File, Format Version 11.00
# Visual Studio 2008

Project("{1781F676-DEDF-5767-F324-3DB0A9738B35}") = "PROJECT", "Assembly-CSharp.csproj", "{9ACB04B5-A90A-75AE-9FE9-342D9B469C1D}"
EndProject
Project("{1781F676-DEDF-5767-F324-3DB0A9738B35}") = "PROJECT", "Assembly-CSharp-Editor.csproj", "{9CC82A94-6F7A-5512-AB3F-62E6E8F71AAA}"
EndProject
Global
	GlobalSection(SolutionConfigurationPlatforms) = preSolution
		Debug|Any CPU = Debug|Any CPU
		Release|Any CPU = Release|Any CPU
	EndGlobalSection
	GlobalSection(ProjectConfigurationPlatforms) = postSolution
		{9ACB04B5-A90A-75AE-9FE9-342D9B469C1D}.Debug|Any CPU.ActiveCfg = Debug|Any CPU
		{9ACB04B5-A90A-75AE-9FE9-342D9B469C1D}.Debug|Any CPU.Build.0 = Debug|Any CPU
		{9ACB04B5-A90A-75AE-9FE9-342D9B469C1D}.Release|Any CPU.ActiveCfg = Release|Any CPU
		{9ACB04B5-A90A-75AE-9FE9-342D9B469C1D}.Release|Any CPU.Build.0 = Release|Any CPU
		{9CC82A94-6F7A-5512-AB3F-62E6E8F71AAA}.Debug|Any CPU.ActiveCfg = Debug|Any CPU
		{9CC82A94-6F7A-5512-AB3F-62E6E8F71AAA}.Debug|Any CPU.Build.0 = Debug|Any CPU
		{9CC82A94-6F7A-5512-AB3F-62E6E8F71AAA}.Release|Any CPU.ActiveCfg = Release|Any CPU
		{9CC82A94-6F7A-5512-AB3F-62E6E8F71AAA}.Release|Any CPU.Build.0 = Release|Any CPU
	EndGlobalSection
	GlobalSection(SolutionProperties) = preSolution
		HideSolutionNode = FALSE
	EndGlobalSection
																																																																																																																															GlobalSection(MonoDevelopProperties) = preSolution
		StartupItem = Assembly-CSharp.csproj
		Policies = $0
		$0.TextStylePolicy = $1
		$1.inheritsSet = null
		$1.scope = text/x-csharp
		$0.CSharpFormattingPolicy = $2
		$2.inheritsSet = Mono
		$2.inheritsScope = text/x-csharp
		$2.scope = text/x-csharp
		$0.TextStylePolicy = $3
		$3.FileWidth = 120
		$3.TabWidth = 4
		$3.IndentWidth = 4
		$3.EolMarker = Unix
		$3.inheritsSet = Mono
		$3.inheritsScope = text/plain
		$3.scope = text/plain
	EndGlobalSection

EndGlobal
